
Microsoft Visual Studio Solution File, Format Version 12.00
# Visual Studio Version 17
VisualStudioVersion = 17.11.35222.181
MinimumVisualStudioVersion = 10.0.40219.1
Project("{FAE04EC0-301F-11D3-BF4B-00C04F79EFBC}") = "ColossusDateTimeConverter", "ColossusDateTimeConverter\ColossusDateTimeConverter.csproj", "{E4A513E6-F646-4FB4-B119-55C5520A900F}"
EndProject
Global
	GlobalSection(SolutionConfigurationPlatforms) = preSolution
		Debug|Any CPU = Debug|Any CPU
		Release|Any CPU = Release|Any CPU
	EndGlobalSection
	GlobalSection(ProjectConfigurationPlatforms) = postSolution
		{E4A513E6-F646-4FB4-B119-55C5520A900F}.Debug|Any CPU.ActiveCfg = Debug|Any CPU
		{E4A513E6-F646-4FB4-B119-55C5520A900F}.Debug|Any CPU.Build.0 = Debug|Any CPU
		{E4A513E6-F646-4FB4-B119-55C5520A900F}.Release|Any CPU.ActiveCfg = Release|Any CPU
		{E4A513E6-F646-4FB4-B119-55C5520A900F}.Release|Any CPU.Build.0 = Release|Any CPU
	EndGlobalSection
	GlobalSection(SolutionProperties) = preSolution
		HideSolutionNode = FALSE
	EndGlobalSection
	GlobalSection(ExtensibilityGlobals) = postSolution
		SolutionGuid = {A10A6A74-2C3B-4A67-A583-1B721D86C1D7}
	EndGlobalSection
EndGlobal
